
Microsoft Visual Studio Solution File, Format Version 12.00
# Visual Studio Version 17
VisualStudioVersion = 17.5.002.0
MinimumVisualStudioVersion = 10.0.40219.1
Project("{9A19103F-16F7-4668-BE54-9A1E7A4F7556}") = "Calculadora API", "Calculadora API.csproj", "{D57BA428-550D-4299-95A7-2A35729E94BC}"
EndProject
Global
	GlobalSection(SolutionConfigurationPlatforms) = preSolution
		Debug|Any CPU = Debug|Any CPU
		Release|Any CPU = Release|Any CPU
	EndGlobalSection
	GlobalSection(ProjectConfigurationPlatforms) = postSolution
		{D57BA428-550D-4299-95A7-2A35729E94BC}.Debug|Any CPU.ActiveCfg = Debug|Any CPU
		{D57BA428-550D-4299-95A7-2A35729E94BC}.Debug|Any CPU.Build.0 = Debug|Any CPU
		{D57BA428-550D-4299-95A7-2A35729E94BC}.Release|Any CPU.ActiveCfg = Release|Any CPU
		{D57BA428-550D-4299-95A7-2A35729E94BC}.Release|Any CPU.Build.0 = Release|Any CPU
	EndGlobalSection
	GlobalSection(SolutionProperties) = preSolution
		HideSolutionNode = FALSE
	EndGlobalSection
	GlobalSection(ExtensibilityGlobals) = postSolution
		SolutionGuid = {DFC97BA8-572C-48A2-86F2-029947EB2656}
	EndGlobalSection
EndGlobal
